
Microsoft Visual Studio Solution File, Format Version 12.00
# Visual Studio Version 17
VisualStudioVersion = 17.11.35219.272
MinimumVisualStudioVersion = 10.0.40219.1
Project("{9A19103F-16F7-4668-BE54-9A1E7A4F7556}") = "simple-calculator", "simple-calculator\simple-calculator.csproj", "{ACB24162-7051-4727-94BD-52DD79E8C868}"
EndProject
Project("{9A19103F-16F7-4668-BE54-9A1E7A4F7556}") = "simple-calculatorTests", "simple-calculatorTests\simple-calculatorTests.csproj", "{B2ECD9D0-4655-4DC3-B3C5-E24C5CE6A64B}"
EndProject
Project("{7CF6DF6D-3B04-46F8-A40B-537D21BCA0B4}") = "Documentation", "Documentation\Documentation.shfbproj", "{34EC53E1-9B6D-4503-9753-CCF1F9A3592F}"
EndProject
Global
	GlobalSection(SolutionConfigurationPlatforms) = preSolution
		Debug|Any CPU = Debug|Any CPU
		Release|Any CPU = Release|Any CPU
	EndGlobalSection
	GlobalSection(ProjectConfigurationPlatforms) = postSolution
		{ACB24162-7051-4727-94BD-52DD79E8C868}.Debug|Any CPU.ActiveCfg = Debug|Any CPU
		{ACB24162-7051-4727-94BD-52DD79E8C868}.Debug|Any CPU.Build.0 = Debug|Any CPU
		{ACB24162-7051-4727-94BD-52DD79E8C868}.Release|Any CPU.ActiveCfg = Release|Any CPU
		{ACB24162-7051-4727-94BD-52DD79E8C868}.Release|Any CPU.Build.0 = Release|Any CPU
		{B2ECD9D0-4655-4DC3-B3C5-E24C5CE6A64B}.Debug|Any CPU.ActiveCfg = Debug|Any CPU
		{B2ECD9D0-4655-4DC3-B3C5-E24C5CE6A64B}.Debug|Any CPU.Build.0 = Debug|Any CPU
		{B2ECD9D0-4655-4DC3-B3C5-E24C5CE6A64B}.Release|Any CPU.ActiveCfg = Release|Any CPU
		{B2ECD9D0-4655-4DC3-B3C5-E24C5CE6A64B}.Release|Any CPU.Build.0 = Release|Any CPU
		{34EC53E1-9B6D-4503-9753-CCF1F9A3592F}.Debug|Any CPU.ActiveCfg = Debug|Any CPU
		{34EC53E1-9B6D-4503-9753-CCF1F9A3592F}.Debug|Any CPU.Build.0 = Debug|Any CPU
		{34EC53E1-9B6D-4503-9753-CCF1F9A3592F}.Release|Any CPU.ActiveCfg = Release|Any CPU
		{34EC53E1-9B6D-4503-9753-CCF1F9A3592F}.Release|Any CPU.Build.0 = Release|Any CPU
	EndGlobalSection
	GlobalSection(SolutionProperties) = preSolution
		HideSolutionNode = FALSE
	EndGlobalSection
	GlobalSection(ExtensibilityGlobals) = postSolution
		SolutionGuid = {6C83A6AC-2DB5-45E7-A370-207F049A8C80}
	EndGlobalSection
EndGlobal
